// !$*UTF8*$!
{
	archiveVersion = 1;
	classes = {
	};
	objectVersion = 56;
	objects = {

/* Begin PBXBuildFile section */
		908A34082B1CEAC600FE47AD /* SmartInventorySystemApp.swift in Sources */ = {isa = PBXBuildFile; fileRef = 908A34072B1CEAC600FE47AD /* SmartInventorySystemApp.swift */; };
		908A340C2B1CEAC800FE47AD /* Assets.xcassets in Resources */ = {isa = PBXBuildFile; fileRef = 908A340B2B1CEAC800FE47AD /* Assets.xcassets */; };
		908A340F2B1CEAC800FE47AD /* Preview Assets.xcassets in Resources */ = {isa = PBXBuildFile; fileRef = 908A340E2B1CEAC800FE47AD /* Preview Assets.xcassets */; };
		908A34162B1CEB8D00FE47AD /* Localizable.xcstrings in Resources */ = {isa = PBXBuildFile; fileRef = 908A34152B1CEB8D00FE47AD /* Localizable.xcstrings */; };
		908A341B2B1CFCF300FE47AD /* RegisterModel.swift in Sources */ = {isa = PBXBuildFile; fileRef = 908A341A2B1CFCF300FE47AD /* RegisterModel.swift */; };
		908A341D2B1CFD4200FE47AD /* RegisterView.swift in Sources */ = {isa = PBXBuildFile; fileRef = 908A341C2B1CFD4200FE47AD /* RegisterView.swift */; };
		908A34202B1D118E00FE47AD /* HttpClient.swift in Sources */ = {isa = PBXBuildFile; fileRef = 908A341F2B1D118E00FE47AD /* HttpClient.swift */; };
		908A34222B1D131F00FE47AD /* TokensModel.swift in Sources */ = {isa = PBXBuildFile; fileRef = 908A34212B1D131F00FE47AD /* TokensModel.swift */; };
		908A34252B1D138A00FE47AD /* JwtTokensService.swift in Sources */ = {isa = PBXBuildFile; fileRef = 908A34242B1D138A00FE47AD /* JwtTokensService.swift */; };
		908A34282B1D142300FE47AD /* JWTDecode in Frameworks */ = {isa = PBXBuildFile; productRef = 908A34272B1D142300FE47AD /* JWTDecode */; };
		908A342B2B1D15AB00FE47AD /* GlobalUser.swift in Sources */ = {isa = PBXBuildFile; fileRef = 908A342A2B1D15AB00FE47AD /* GlobalUser.swift */; };
		908A34312B1D2C9F00FE47AD /* UsersService.swift in Sources */ = {isa = PBXBuildFile; fileRef = 908A34302B1D2C9F00FE47AD /* UsersService.swift */; };
		908A34332B1D2D1300FE47AD /* ServiceBase.swift in Sources */ = {isa = PBXBuildFile; fileRef = 908A34322B1D2D1300FE47AD /* ServiceBase.swift */; };
		908A34352B1D39E900FE47AD /* HttpError.swift in Sources */ = {isa = PBXBuildFile; fileRef = 908A34342B1D39E900FE47AD /* HttpError.swift */; };
		908A34372B1D617500FE47AD /* LoginView.swift in Sources */ = {isa = PBXBuildFile; fileRef = 908A34362B1D617500FE47AD /* LoginView.swift */; };
		908A34392B1D627700FE47AD /* LoginModel.swift in Sources */ = {isa = PBXBuildFile; fileRef = 908A34382B1D627700FE47AD /* LoginModel.swift */; };
		908A343B2B1D796B00FE47AD /* GroupsService.swift in Sources */ = {isa = PBXBuildFile; fileRef = 908A343A2B1D796B00FE47AD /* GroupsService.swift */; };
		908A343F2B1D7B6D00FE47AD /* Group.swift in Sources */ = {isa = PBXBuildFile; fileRef = 908A343E2B1D7B6D00FE47AD /* Group.swift */; };
		908A34412B1D7C4400FE47AD /* GroupCreationView.swift in Sources */ = {isa = PBXBuildFile; fileRef = 908A34402B1D7C4400FE47AD /* GroupCreationView.swift */; };
		908A34432B1E816000FE47AD /* GroupView.swift in Sources */ = {isa = PBXBuildFile; fileRef = 908A34422B1E816000FE47AD /* GroupView.swift */; };
		908A34452B1E882500FE47AD /* User.swift in Sources */ = {isa = PBXBuildFile; fileRef = 908A34442B1E882500FE47AD /* User.swift */; };
		908A34472B1E883100FE47AD /* Role.swift in Sources */ = {isa = PBXBuildFile; fileRef = 908A34462B1E883100FE47AD /* Role.swift */; };
		908A34492B1ED6F400FE47AD /* UserProfileView.swift in Sources */ = {isa = PBXBuildFile; fileRef = 908A34482B1ED6F400FE47AD /* UserProfileView.swift */; };
		908A344B2B1FE7C100FE47AD /* DevicesView.swift in Sources */ = {isa = PBXBuildFile; fileRef = 908A344A2B1FE7C100FE47AD /* DevicesView.swift */; };
		908A344D2B1FE94800FE47AD /* Device.swift in Sources */ = {isa = PBXBuildFile; fileRef = 908A344C2B1FE94800FE47AD /* Device.swift */; };
		908A344F2B1FEB7A00FE47AD /* DevicesService.swift in Sources */ = {isa = PBXBuildFile; fileRef = 908A344E2B1FEB7A00FE47AD /* DevicesService.swift */; };
		908A34512B1FFEE800FE47AD /* PagedList.swift in Sources */ = {isa = PBXBuildFile; fileRef = 908A34502B1FFEE800FE47AD /* PagedList.swift */; };
/* End PBXBuildFile section */

/* Begin PBXFileReference section */
		908A34042B1CEAC600FE47AD /* SmartInventorySystem.app */ = {isa = PBXFileReference; explicitFileType = wrapper.application; includeInIndex = 0; path = SmartInventorySystem.app; sourceTree = BUILT_PRODUCTS_DIR; };
		908A34072B1CEAC600FE47AD /* SmartInventorySystemApp.swift */ = {isa = PBXFileReference; lastKnownFileType = sourcecode.swift; path = SmartInventorySystemApp.swift; sourceTree = "<group>"; };
		908A340B2B1CEAC800FE47AD /* Assets.xcassets */ = {isa = PBXFileReference; lastKnownFileType = folder.assetcatalog; path = Assets.xcassets; sourceTree = "<group>"; };
		908A340E2B1CEAC800FE47AD /* Preview Assets.xcassets */ = {isa = PBXFileReference; lastKnownFileType = folder.assetcatalog; path = "Preview Assets.xcassets"; sourceTree = "<group>"; };
		908A34152B1CEB8D00FE47AD /* Localizable.xcstrings */ = {isa = PBXFileReference; lastKnownFileType = text.json.xcstrings; path = Localizable.xcstrings; sourceTree = "<group>"; };
		908A341A2B1CFCF300FE47AD /* RegisterModel.swift */ = {isa = PBXFileReference; lastKnownFileType = sourcecode.swift; path = RegisterModel.swift; sourceTree = "<group>"; };
		908A341C2B1CFD4200FE47AD /* RegisterView.swift */ = {isa = PBXFileReference; lastKnownFileType = sourcecode.swift; path = RegisterView.swift; sourceTree = "<group>"; };
		908A341F2B1D118E00FE47AD /* HttpClient.swift */ = {isa = PBXFileReference; lastKnownFileType = sourcecode.swift; path = HttpClient.swift; sourceTree = "<group>"; };
		908A34212B1D131F00FE47AD /* TokensModel.swift */ = {isa = PBXFileReference; lastKnownFileType = sourcecode.swift; path = TokensModel.swift; sourceTree = "<group>"; };
		908A34242B1D138A00FE47AD /* JwtTokensService.swift */ = {isa = PBXFileReference; lastKnownFileType = sourcecode.swift; path = JwtTokensService.swift; sourceTree = "<group>"; };
		908A342A2B1D15AB00FE47AD /* GlobalUser.swift */ = {isa = PBXFileReference; lastKnownFileType = sourcecode.swift; path = GlobalUser.swift; sourceTree = "<group>"; };
		908A34302B1D2C9F00FE47AD /* UsersService.swift */ = {isa = PBXFileReference; lastKnownFileType = sourcecode.swift; path = UsersService.swift; sourceTree = "<group>"; };
		908A34322B1D2D1300FE47AD /* ServiceBase.swift */ = {isa = PBXFileReference; lastKnownFileType = sourcecode.swift; path = ServiceBase.swift; sourceTree = "<group>"; };
		908A34342B1D39E900FE47AD /* HttpError.swift */ = {isa = PBXFileReference; lastKnownFileType = sourcecode.swift; path = HttpError.swift; sourceTree = "<group>"; };
		908A34362B1D617500FE47AD /* LoginView.swift */ = {isa = PBXFileReference; lastKnownFileType = sourcecode.swift; path = LoginView.swift; sourceTree = "<group>"; };
		908A34382B1D627700FE47AD /* LoginModel.swift */ = {isa = PBXFileReference; lastKnownFileType = sourcecode.swift; path = LoginModel.swift; sourceTree = "<group>"; };
		908A343A2B1D796B00FE47AD /* GroupsService.swift */ = {isa = PBXFileReference; lastKnownFileType = sourcecode.swift; path = GroupsService.swift; sourceTree = "<group>"; };
		908A343E2B1D7B6D00FE47AD /* Group.swift */ = {isa = PBXFileReference; lastKnownFileType = sourcecode.swift; path = Group.swift; sourceTree = "<group>"; };
		908A34402B1D7C4400FE47AD /* GroupCreationView.swift */ = {isa = PBXFileReference; lastKnownFileType = sourcecode.swift; path = GroupCreationView.swift; sourceTree = "<group>"; };
		908A34422B1E816000FE47AD /* GroupView.swift */ = {isa = PBXFileReference; lastKnownFileType = sourcecode.swift; path = GroupView.swift; sourceTree = "<group>"; };
		908A34442B1E882500FE47AD /* User.swift */ = {isa = PBXFileReference; lastKnownFileType = sourcecode.swift; path = User.swift; sourceTree = "<group>"; };
		908A34462B1E883100FE47AD /* Role.swift */ = {isa = PBXFileReference; lastKnownFileType = sourcecode.swift; path = Role.swift; sourceTree = "<group>"; };
		908A34482B1ED6F400FE47AD /* UserProfileView.swift */ = {isa = PBXFileReference; lastKnownFileType = sourcecode.swift; path = UserProfileView.swift; sourceTree = "<group>"; };
		908A344A2B1FE7C100FE47AD /* DevicesView.swift */ = {isa = PBXFileReference; lastKnownFileType = sourcecode.swift; path = DevicesView.swift; sourceTree = "<group>"; };
		908A344C2B1FE94800FE47AD /* Device.swift */ = {isa = PBXFileReference; lastKnownFileType = sourcecode.swift; path = Device.swift; sourceTree = "<group>"; };
		908A344E2B1FEB7A00FE47AD /* DevicesService.swift */ = {isa = PBXFileReference; lastKnownFileType = sourcecode.swift; path = DevicesService.swift; sourceTree = "<group>"; };
		908A34502B1FFEE800FE47AD /* PagedList.swift */ = {isa = PBXFileReference; lastKnownFileType = sourcecode.swift; path = PagedList.swift; sourceTree = "<group>"; };
/* End PBXFileReference section */

/* Begin PBXFrameworksBuildPhase section */
		908A34012B1CEAC600FE47AD /* Frameworks */ = {
			isa = PBXFrameworksBuildPhase;
			buildActionMask = 2147483647;
			files = (
				908A34282B1D142300FE47AD /* JWTDecode in Frameworks */,
			);
			runOnlyForDeploymentPostprocessing = 0;
		};
/* End PBXFrameworksBuildPhase section */

/* Begin PBXGroup section */
		908A33FB2B1CEAC600FE47AD = {
			isa = PBXGroup;
			children = (
				908A34062B1CEAC600FE47AD /* SmartInventorySystem */,
				908A34052B1CEAC600FE47AD /* Products */,
			);
			sourceTree = "<group>";
		};
		908A34052B1CEAC600FE47AD /* Products */ = {
			isa = PBXGroup;
			children = (
				908A34042B1CEAC600FE47AD /* SmartInventorySystem.app */,
			);
			name = Products;
			sourceTree = "<group>";
		};
		908A34062B1CEAC600FE47AD /* SmartInventorySystem */ = {
			isa = PBXGroup;
			children = (
				908A342F2B1D2C3900FE47AD /* Services */,
				908A34292B1D159100FE47AD /* GlobalInstances */,
				908A341E2B1D117200FE47AD /* Network */,
				908A34182B1CFCA800FE47AD /* Models */,
				908A34172B1CFC2300FE47AD /* Views */,
				908A34072B1CEAC600FE47AD /* SmartInventorySystemApp.swift */,
				908A340B2B1CEAC800FE47AD /* Assets.xcassets */,
				908A340D2B1CEAC800FE47AD /* Preview Content */,
				908A34152B1CEB8D00FE47AD /* Localizable.xcstrings */,
			);
			path = SmartInventorySystem;
			sourceTree = "<group>";
		};
		908A340D2B1CEAC800FE47AD /* Preview Content */ = {
			isa = PBXGroup;
			children = (
				908A340E2B1CEAC800FE47AD /* Preview Assets.xcassets */,
			);
			path = "Preview Content";
			sourceTree = "<group>";
		};
		908A34172B1CFC2300FE47AD /* Views */ = {
			isa = PBXGroup;
			children = (
				908A341C2B1CFD4200FE47AD /* RegisterView.swift */,
				908A34362B1D617500FE47AD /* LoginView.swift */,
				908A34402B1D7C4400FE47AD /* GroupCreationView.swift */,
				908A34422B1E816000FE47AD /* GroupView.swift */,
				908A34482B1ED6F400FE47AD /* UserProfileView.swift */,
				908A344A2B1FE7C100FE47AD /* DevicesView.swift */,
			);
			path = Views;
			sourceTree = "<group>";
		};
		908A34182B1CFCA800FE47AD /* Models */ = {
			isa = PBXGroup;
			children = (
				908A34192B1CFCAD00FE47AD /* Identity */,
				908A343E2B1D7B6D00FE47AD /* Group.swift */,
				908A34442B1E882500FE47AD /* User.swift */,
				908A34462B1E883100FE47AD /* Role.swift */,
				908A344C2B1FE94800FE47AD /* Device.swift */,
				908A34502B1FFEE800FE47AD /* PagedList.swift */,
			);
			path = Models;
			sourceTree = "<group>";
		};
		908A34192B1CFCAD00FE47AD /* Identity */ = {
			isa = PBXGroup;
			children = (
				908A341A2B1CFCF300FE47AD /* RegisterModel.swift */,
				908A34212B1D131F00FE47AD /* TokensModel.swift */,
				908A34382B1D627700FE47AD /* LoginModel.swift */,
			);
			path = Identity;
			sourceTree = "<group>";
		};
		908A341E2B1D117200FE47AD /* Network */ = {
			isa = PBXGroup;
			children = (
				908A341F2B1D118E00FE47AD /* HttpClient.swift */,
				908A34242B1D138A00FE47AD /* JwtTokensService.swift */,
				908A34342B1D39E900FE47AD /* HttpError.swift */,
			);
			path = Network;
			sourceTree = "<group>";
		};
		908A34292B1D159100FE47AD /* GlobalInstances */ = {
			isa = PBXGroup;
			children = (
				908A342A2B1D15AB00FE47AD /* GlobalUser.swift */,
			);
			path = GlobalInstances;
			sourceTree = "<group>";
		};
		908A342F2B1D2C3900FE47AD /* Services */ = {
			isa = PBXGroup;
			children = (
				908A34302B1D2C9F00FE47AD /* UsersService.swift */,
				908A34322B1D2D1300FE47AD /* ServiceBase.swift */,
				908A343A2B1D796B00FE47AD /* GroupsService.swift */,
				908A344E2B1FEB7A00FE47AD /* DevicesService.swift */,
			);
			path = Services;
			sourceTree = "<group>";
		};
/* End PBXGroup section */

/* Begin PBXNativeTarget section */
		908A34032B1CEAC600FE47AD /* SmartInventorySystem */ = {
			isa = PBXNativeTarget;
			buildConfigurationList = 908A34122B1CEAC800FE47AD /* Build configuration list for PBXNativeTarget "SmartInventorySystem" */;
			buildPhases = (
				908A34002B1CEAC600FE47AD /* Sources */,
				908A34012B1CEAC600FE47AD /* Frameworks */,
				908A34022B1CEAC600FE47AD /* Resources */,
			);
			buildRules = (
			);
			dependencies = (
			);
			name = SmartInventorySystem;
			packageProductDependencies = (
				908A34272B1D142300FE47AD /* JWTDecode */,
			);
			productName = SmartInventorySystem;
			productReference = 908A34042B1CEAC600FE47AD /* SmartInventorySystem.app */;
			productType = "com.apple.product-type.application";
		};
/* End PBXNativeTarget section */

/* Begin PBXProject section */
		908A33FC2B1CEAC600FE47AD /* Project object */ = {
			isa = PBXProject;
			attributes = {
				BuildIndependentTargetsInParallel = 1;
				LastSwiftUpdateCheck = 1500;
				LastUpgradeCheck = 1500;
				TargetAttributes = {
					908A34032B1CEAC600FE47AD = {
						CreatedOnToolsVersion = 15.0.1;
					};
				};
			};
			buildConfigurationList = 908A33FF2B1CEAC600FE47AD /* Build configuration list for PBXProject "SmartInventorySystem" */;
			compatibilityVersion = "Xcode 14.0";
			developmentRegion = en;
			hasScannedForEncodings = 0;
			knownRegions = (
				en,
				Base,
				uk,
			);
			mainGroup = 908A33FB2B1CEAC600FE47AD;
			packageReferences = (
				908A34262B1D142300FE47AD /* XCRemoteSwiftPackageReference "JWTDecode.swift" */,
			);
			productRefGroup = 908A34052B1CEAC600FE47AD /* Products */;
			projectDirPath = "";
			projectRoot = "";
			targets = (
				908A34032B1CEAC600FE47AD /* SmartInventorySystem */,
			);
		};
/* End PBXProject section */

/* Begin PBXResourcesBuildPhase section */
		908A34022B1CEAC600FE47AD /* Resources */ = {
			isa = PBXResourcesBuildPhase;
			buildActionMask = 2147483647;
			files = (
				908A340F2B1CEAC800FE47AD /* Preview Assets.xcassets in Resources */,
				908A340C2B1CEAC800FE47AD /* Assets.xcassets in Resources */,
				908A34162B1CEB8D00FE47AD /* Localizable.xcstrings in Resources */,
			);
			runOnlyForDeploymentPostprocessing = 0;
		};
/* End PBXResourcesBuildPhase section */

/* Begin PBXSourcesBuildPhase section */
		908A34002B1CEAC600FE47AD /* Sources */ = {
			isa = PBXSourcesBuildPhase;
			buildActionMask = 2147483647;
			files = (
				908A34082B1CEAC600FE47AD /* SmartInventorySystemApp.swift in Sources */,
				908A34392B1D627700FE47AD /* LoginModel.swift in Sources */,
				908A34432B1E816000FE47AD /* GroupView.swift in Sources */,
				908A34252B1D138A00FE47AD /* JwtTokensService.swift in Sources */,
				908A343F2B1D7B6D00FE47AD /* Group.swift in Sources */,
				908A34492B1ED6F400FE47AD /* UserProfileView.swift in Sources */,
				908A344B2B1FE7C100FE47AD /* DevicesView.swift in Sources */,
				908A34472B1E883100FE47AD /* Role.swift in Sources */,
				908A34352B1D39E900FE47AD /* HttpError.swift in Sources */,
				908A34222B1D131F00FE47AD /* TokensModel.swift in Sources */,
				908A34452B1E882500FE47AD /* User.swift in Sources */,
				908A341D2B1CFD4200FE47AD /* RegisterView.swift in Sources */,
				908A344D2B1FE94800FE47AD /* Device.swift in Sources */,
				908A34412B1D7C4400FE47AD /* GroupCreationView.swift in Sources */,
				908A34202B1D118E00FE47AD /* HttpClient.swift in Sources */,
				908A344F2B1FEB7A00FE47AD /* DevicesService.swift in Sources */,
				908A342B2B1D15AB00FE47AD /* GlobalUser.swift in Sources */,
				908A341B2B1CFCF300FE47AD /* RegisterModel.swift in Sources */,
				908A34512B1FFEE800FE47AD /* PagedList.swift in Sources */,
				908A34372B1D617500FE47AD /* LoginView.swift in Sources */,
				908A343B2B1D796B00FE47AD /* GroupsService.swift in Sources */,
				908A34312B1D2C9F00FE47AD /* UsersService.swift in Sources */,
				908A34332B1D2D1300FE47AD /* ServiceBase.swift in Sources */,
			);
			runOnlyForDeploymentPostprocessing = 0;
		};
/* End PBXSourcesBuildPhase section */

/* Begin XCBuildConfiguration section */
		908A34102B1CEAC800FE47AD /* Debug */ = {
			isa = XCBuildConfiguration;
			buildSettings = {
				ALWAYS_SEARCH_USER_PATHS = NO;
				ASSETCATALOG_COMPILER_GENERATE_SWIFT_ASSET_SYMBOL_EXTENSIONS = YES;
				CLANG_ANALYZER_NONNULL = YES;
				CLANG_ANALYZER_NUMBER_OBJECT_CONVERSION = YES_AGGRESSIVE;
				CLANG_CXX_LANGUAGE_STANDARD = "gnu++20";
				CLANG_ENABLE_MODULES = YES;
				CLANG_ENABLE_OBJC_ARC = YES;
				CLANG_ENABLE_OBJC_WEAK = YES;
				CLANG_WARN_BLOCK_CAPTURE_AUTORELEASING = YES;
				CLANG_WARN_BOOL_CONVERSION = YES;
				CLANG_WARN_COMMA = YES;
				CLANG_WARN_CONSTANT_CONVERSION = YES;
				CLANG_WARN_DEPRECATED_OBJC_IMPLEMENTATIONS = YES;
				CLANG_WARN_DIRECT_OBJC_ISA_USAGE = YES_ERROR;
				CLANG_WARN_DOCUMENTATION_COMMENTS = YES;
				CLANG_WARN_EMPTY_BODY = YES;
				CLANG_WARN_ENUM_CONVERSION = YES;
				CLANG_WARN_INFINITE_RECURSION = YES;
				CLANG_WARN_INT_CONVERSION = YES;
				CLANG_WARN_NON_LITERAL_NULL_CONVERSION = YES;
				CLANG_WARN_OBJC_IMPLICIT_RETAIN_SELF = YES;
				CLANG_WARN_OBJC_LITERAL_CONVERSION = YES;
				CLANG_WARN_OBJC_ROOT_CLASS = YES_ERROR;
				CLANG_WARN_QUOTED_INCLUDE_IN_FRAMEWORK_HEADER = YES;
				CLANG_WARN_RANGE_LOOP_ANALYSIS = YES;
				CLANG_WARN_STRICT_PROTOTYPES = YES;
				CLANG_WARN_SUSPICIOUS_MOVE = YES;
				CLANG_WARN_UNGUARDED_AVAILABILITY = YES_AGGRESSIVE;
				CLANG_WARN_UNREACHABLE_CODE = YES;
				CLANG_WARN__DUPLICATE_METHOD_MATCH = YES;
				COPY_PHASE_STRIP = NO;
				DEBUG_INFORMATION_FORMAT = dwarf;
				ENABLE_STRICT_OBJC_MSGSEND = YES;
				ENABLE_TESTABILITY = YES;
				ENABLE_USER_SCRIPT_SANDBOXING = YES;
				GCC_C_LANGUAGE_STANDARD = gnu17;
				GCC_DYNAMIC_NO_PIC = NO;
				GCC_NO_COMMON_BLOCKS = YES;
				GCC_OPTIMIZATION_LEVEL = 0;
				GCC_PREPROCESSOR_DEFINITIONS = (
					"DEBUG=1",
					"$(inherited)",
				);
				GCC_WARN_64_TO_32_BIT_CONVERSION = YES;
				GCC_WARN_ABOUT_RETURN_TYPE = YES_ERROR;
				GCC_WARN_UNDECLARED_SELECTOR = YES;
				GCC_WARN_UNINITIALIZED_AUTOS = YES_AGGRESSIVE;
				GCC_WARN_UNUSED_FUNCTION = YES;
				GCC_WARN_UNUSED_VARIABLE = YES;
				IPHONEOS_DEPLOYMENT_TARGET = 17.0;
				LOCALIZATION_PREFERS_STRING_CATALOGS = YES;
				MTL_ENABLE_DEBUG_INFO = INCLUDE_SOURCE;
				MTL_FAST_MATH = YES;
				ONLY_ACTIVE_ARCH = YES;
				SDKROOT = iphoneos;
				SWIFT_ACTIVE_COMPILATION_CONDITIONS = "DEBUG $(inherited)";
				SWIFT_OPTIMIZATION_LEVEL = "-Onone";
			};
			name = Debug;
		};
		908A34112B1CEAC800FE47AD /* Release */ = {
			isa = XCBuildConfiguration;
			buildSettings = {
				ALWAYS_SEARCH_USER_PATHS = NO;
				ASSETCATALOG_COMPILER_GENERATE_SWIFT_ASSET_SYMBOL_EXTENSIONS = YES;
				CLANG_ANALYZER_NONNULL = YES;
				CLANG_ANALYZER_NUMBER_OBJECT_CONVERSION = YES_AGGRESSIVE;
				CLANG_CXX_LANGUAGE_STANDARD = "gnu++20";
				CLANG_ENABLE_MODULES = YES;
				CLANG_ENABLE_OBJC_ARC = YES;
				CLANG_ENABLE_OBJC_WEAK = YES;
				CLANG_WARN_BLOCK_CAPTURE_AUTORELEASING = YES;
				CLANG_WARN_BOOL_CONVERSION = YES;
				CLANG_WARN_COMMA = YES;
				CLANG_WARN_CONSTANT_CONVERSION = YES;
				CLANG_WARN_DEPRECATED_OBJC_IMPLEMENTATIONS = YES;
				CLANG_WARN_DIRECT_OBJC_ISA_USAGE = YES_ERROR;
				CLANG_WARN_DOCUMENTATION_COMMENTS = YES;
				CLANG_WARN_EMPTY_BODY = YES;
				CLANG_WARN_ENUM_CONVERSION = YES;
				CLANG_WARN_INFINITE_RECURSION = YES;
				CLANG_WARN_INT_CONVERSION = YES;
				CLANG_WARN_NON_LITERAL_NULL_CONVERSION = YES;
				CLANG_WARN_OBJC_IMPLICIT_RETAIN_SELF = YES;
				CLANG_WARN_OBJC_LITERAL_CONVERSION = YES;
				CLANG_WARN_OBJC_ROOT_CLASS = YES_ERROR;
				CLANG_WARN_QUOTED_INCLUDE_IN_FRAMEWORK_HEADER = YES;
				CLANG_WARN_RANGE_LOOP_ANALYSIS = YES;
				CLANG_WARN_STRICT_PROTOTYPES = YES;
				CLANG_WARN_SUSPICIOUS_MOVE = YES;
				CLANG_WARN_UNGUARDED_AVAILABILITY = YES_AGGRESSIVE;
				CLANG_WARN_UNREACHABLE_CODE = YES;
				CLANG_WARN__DUPLICATE_METHOD_MATCH = YES;
				COPY_PHASE_STRIP = NO;
				DEBUG_INFORMATION_FORMAT = "dwarf-with-dsym";
				ENABLE_NS_ASSERTIONS = NO;
				ENABLE_STRICT_OBJC_MSGSEND = YES;
				ENABLE_USER_SCRIPT_SANDBOXING = YES;
				GCC_C_LANGUAGE_STANDARD = gnu17;
				GCC_NO_COMMON_BLOCKS = YES;
				GCC_WARN_64_TO_32_BIT_CONVERSION = YES;
				GCC_WARN_ABOUT_RETURN_TYPE = YES_ERROR;
				GCC_WARN_UNDECLARED_SELECTOR = YES;
				GCC_WARN_UNINITIALIZED_AUTOS = YES_AGGRESSIVE;
				GCC_WARN_UNUSED_FUNCTION = YES;
				GCC_WARN_UNUSED_VARIABLE = YES;
				IPHONEOS_DEPLOYMENT_TARGET = 17.0;
				LOCALIZATION_PREFERS_STRING_CATALOGS = YES;
				MTL_ENABLE_DEBUG_INFO = NO;
				MTL_FAST_MATH = YES;
				SDKROOT = iphoneos;
				SWIFT_COMPILATION_MODE = wholemodule;
				VALIDATE_PRODUCT = YES;
			};
			name = Release;
		};
		908A34132B1CEAC800FE47AD /* Debug */ = {
			isa = XCBuildConfiguration;
			buildSettings = {
				ASSETCATALOG_COMPILER_APPICON_NAME = AppIcon;
				ASSETCATALOG_COMPILER_GLOBAL_ACCENT_COLOR_NAME = AccentColor;
				CODE_SIGN_STYLE = Automatic;
				CURRENT_PROJECT_VERSION = 1;
				DEVELOPMENT_ASSET_PATHS = "\"SmartInventorySystem/Preview Content\"";
				DEVELOPMENT_TEAM = 64FG98G3D5;
				ENABLE_PREVIEWS = YES;
				GENERATE_INFOPLIST_FILE = YES;
				INFOPLIST_KEY_CFBundleDisplayName = "Smart Inventory System";
				INFOPLIST_KEY_UIApplicationSceneManifest_Generation = YES;
				INFOPLIST_KEY_UIApplicationSupportsIndirectInputEvents = YES;
				INFOPLIST_KEY_UILaunchScreen_Generation = YES;
				INFOPLIST_KEY_UISupportedInterfaceOrientations_iPad = "UIInterfaceOrientationPortrait UIInterfaceOrientationPortraitUpsideDown UIInterfaceOrientationLandscapeLeft UIInterfaceOrientationLandscapeRight";
				INFOPLIST_KEY_UISupportedInterfaceOrientations_iPhone = "UIInterfaceOrientationPortrait UIInterfaceOrientationLandscapeLeft UIInterfaceOrientationLandscapeRight";
				IPHONEOS_DEPLOYMENT_TARGET = 17.0;
				LD_RUNPATH_SEARCH_PATHS = (
					"$(inherited)",
					"@executable_path/Frameworks",
				);
				MARKETING_VERSION = 1.0;
				PRODUCT_BUNDLE_IDENTIFIER = com.shchoholiev.SmartInventorySystem;
				PRODUCT_NAME = "$(TARGET_NAME)";
				SWIFT_EMIT_LOC_STRINGS = YES;
				SWIFT_VERSION = 5.0;
				TARGETED_DEVICE_FAMILY = "1,2";
			};
			name = Debug;
		};
		908A34142B1CEAC800FE47AD /* Release */ = {
			isa = XCBuildConfiguration;
			buildSettings = {
				ASSETCATALOG_COMPILER_APPICON_NAME = AppIcon;
				ASSETCATALOG_COMPILER_GLOBAL_ACCENT_COLOR_NAME = AccentColor;
				CODE_SIGN_STYLE = Automatic;
				CURRENT_PROJECT_VERSION = 1;
				DEVELOPMENT_ASSET_PATHS = "\"SmartInventorySystem/Preview Content\"";
				DEVELOPMENT_TEAM = 64FG98G3D5;
				ENABLE_PREVIEWS = YES;
				GENERATE_INFOPLIST_FILE = YES;
				INFOPLIST_KEY_CFBundleDisplayName = "Smart Inventory System";
				INFOPLIST_KEY_UIApplicationSceneManifest_Generation = YES;
				INFOPLIST_KEY_UIApplicationSupportsIndirectInputEvents = YES;
				INFOPLIST_KEY_UILaunchScreen_Generation = YES;
				INFOPLIST_KEY_UISupportedInterfaceOrientations_iPad = "UIInterfaceOrientationPortrait UIInterfaceOrientationPortraitUpsideDown UIInterfaceOrientationLandscapeLeft UIInterfaceOrientationLandscapeRight";
				INFOPLIST_KEY_UISupportedInterfaceOrientations_iPhone = "UIInterfaceOrientationPortrait UIInterfaceOrientationLandscapeLeft UIInterfaceOrientationLandscapeRight";
				IPHONEOS_DEPLOYMENT_TARGET = 17.0;
				LD_RUNPATH_SEARCH_PATHS = (
					"$(inherited)",
					"@executable_path/Frameworks",
				);
				MARKETING_VERSION = 1.0;
				PRODUCT_BUNDLE_IDENTIFIER = com.shchoholiev.SmartInventorySystem;
				PRODUCT_NAME = "$(TARGET_NAME)";
				SWIFT_EMIT_LOC_STRINGS = YES;
				SWIFT_VERSION = 5.0;
				TARGETED_DEVICE_FAMILY = "1,2";
			};
			name = Release;
		};
/* End XCBuildConfiguration section */

/* Begin XCConfigurationList section */
		908A33FF2B1CEAC600FE47AD /* Build configuration list for PBXProject "SmartInventorySystem" */ = {
			isa = XCConfigurationList;
			buildConfigurations = (
				908A34102B1CEAC800FE47AD /* Debug */,
				908A34112B1CEAC800FE47AD /* Release */,
			);
			defaultConfigurationIsVisible = 0;
			defaultConfigurationName = Release;
		};
		908A34122B1CEAC800FE47AD /* Build configuration list for PBXNativeTarget "SmartInventorySystem" */ = {
			isa = XCConfigurationList;
			buildConfigurations = (
				908A34132B1CEAC800FE47AD /* Debug */,
				908A34142B1CEAC800FE47AD /* Release */,
			);
			defaultConfigurationIsVisible = 0;
			defaultConfigurationName = Release;
		};
/* End XCConfigurationList section */

/* Begin XCRemoteSwiftPackageReference section */
		908A34262B1D142300FE47AD /* XCRemoteSwiftPackageReference "JWTDecode.swift" */ = {
			isa = XCRemoteSwiftPackageReference;
			repositoryURL = "https://github.com/auth0/JWTDecode.swift.git";
			requirement = {
				kind = upToNextMajorVersion;
				minimumVersion = 3.1.0;
			};
		};
/* End XCRemoteSwiftPackageReference section */

/* Begin XCSwiftPackageProductDependency section */
		908A34272B1D142300FE47AD /* JWTDecode */ = {
			isa = XCSwiftPackageProductDependency;
			package = 908A34262B1D142300FE47AD /* XCRemoteSwiftPackageReference "JWTDecode.swift" */;
			productName = JWTDecode;
		};
/* End XCSwiftPackageProductDependency section */
	};
	rootObject = 908A33FC2B1CEAC600FE47AD /* Project object */;
}
